// !$*UTF8*$!
{
	archiveVersion = 1;
	classes = {
	};
	objectVersion = 56;
	objects = {

/* Begin PBXBuildFile section */
		319AEA762A7A792100207349 /* ImagePicker.swift in Sources */ = {isa = PBXBuildFile; fileRef = 319AEA752A7A792100207349 /* ImagePicker.swift */; };
		319AEA7A2A7A7EDF00207349 /* GoogleService-Info.plist in Resources */ = {isa = PBXBuildFile; fileRef = 319AEA792A7A7EDF00207349 /* GoogleService-Info.plist */; };
		319AEA842A7CE8D900207349 /* MainMessagesView.swift in Sources */ = {isa = PBXBuildFile; fileRef = 319AEA832A7CE8D900207349 /* MainMessagesView.swift */; };
		31A3EE722A837B640057ABB4 /* ChatLogView.swift in Sources */ = {isa = PBXBuildFile; fileRef = 31A3EE712A837B640057ABB4 /* ChatLogView.swift */; };
		31A3EE752A83D6250057ABB4 /* FirebaseAuth in Frameworks */ = {isa = PBXBuildFile; productRef = 31A3EE742A83D6250057ABB4 /* FirebaseAuth */; };
		31A3EE772A83D6250057ABB4 /* FirebaseFirestore in Frameworks */ = {isa = PBXBuildFile; productRef = 31A3EE762A83D6250057ABB4 /* FirebaseFirestore */; };
		31A3EE792A83D6250057ABB4 /* FirebaseFirestoreSwift in Frameworks */ = {isa = PBXBuildFile; productRef = 31A3EE782A83D6250057ABB4 /* FirebaseFirestoreSwift */; };
		31A3EE7B2A83D6250057ABB4 /* FirebaseStorage in Frameworks */ = {isa = PBXBuildFile; productRef = 31A3EE7A2A83D6250057ABB4 /* FirebaseStorage */; };
		31A641CE2A8108860098F16E /* FirebaseManager.swift in Sources */ = {isa = PBXBuildFile; fileRef = 31A641CD2A8108860098F16E /* FirebaseManager.swift */; };
		31A641D12A8110D30098F16E /* SDWebImageSwiftUI in Frameworks */ = {isa = PBXBuildFile; productRef = 31A641D02A8110D30098F16E /* SDWebImageSwiftUI */; };
		31A641D42A8236C70098F16E /* ChatUser.swift in Sources */ = {isa = PBXBuildFile; fileRef = 31A641D32A8236C70098F16E /* ChatUser.swift */; };
		31A641D92A8245730098F16E /* CreateNewMessageView.swift in Sources */ = {isa = PBXBuildFile; fileRef = 31A641D82A8245720098F16E /* CreateNewMessageView.swift */; };
		31D1E8E22A77E7990013E02B /* FirebaseChatApp.swift in Sources */ = {isa = PBXBuildFile; fileRef = 31D1E8E12A77E7990013E02B /* FirebaseChatApp.swift */; };
		31D1E8E42A77E7990013E02B /* LoginView.swift in Sources */ = {isa = PBXBuildFile; fileRef = 31D1E8E32A77E7990013E02B /* LoginView.swift */; };
		31D1E8E62A77E7A40013E02B /* Assets.xcassets in Resources */ = {isa = PBXBuildFile; fileRef = 31D1E8E52A77E7A40013E02B /* Assets.xcassets */; };
		31D1E8E92A77E7A40013E02B /* Preview Assets.xcassets in Resources */ = {isa = PBXBuildFile; fileRef = 31D1E8E82A77E7A40013E02B /* Preview Assets.xcassets */; };
/* End PBXBuildFile section */

/* Begin PBXFileReference section */
		319AEA752A7A792100207349 /* ImagePicker.swift */ = {isa = PBXFileReference; lastKnownFileType = sourcecode.swift; path = ImagePicker.swift; sourceTree = "<group>"; };
		319AEA792A7A7EDF00207349 /* GoogleService-Info.plist */ = {isa = PBXFileReference; fileEncoding = 4; lastKnownFileType = text.plist.xml; path = "GoogleService-Info.plist"; sourceTree = "<group>"; };
		319AEA832A7CE8D900207349 /* MainMessagesView.swift */ = {isa = PBXFileReference; lastKnownFileType = sourcecode.swift; path = MainMessagesView.swift; sourceTree = "<group>"; };
		31A3EE712A837B640057ABB4 /* ChatLogView.swift */ = {isa = PBXFileReference; lastKnownFileType = sourcecode.swift; path = ChatLogView.swift; sourceTree = "<group>"; };
		31A641CD2A8108860098F16E /* FirebaseManager.swift */ = {isa = PBXFileReference; lastKnownFileType = sourcecode.swift; path = FirebaseManager.swift; sourceTree = "<group>"; };
		31A641D32A8236C70098F16E /* ChatUser.swift */ = {isa = PBXFileReference; lastKnownFileType = sourcecode.swift; path = ChatUser.swift; sourceTree = "<group>"; };
		31A641D82A8245720098F16E /* CreateNewMessageView.swift */ = {isa = PBXFileReference; lastKnownFileType = sourcecode.swift; path = CreateNewMessageView.swift; sourceTree = "<group>"; };
		31D1E8DE2A77E7990013E02B /* FirebaseChat.app */ = {isa = PBXFileReference; explicitFileType = wrapper.application; includeInIndex = 0; path = FirebaseChat.app; sourceTree = BUILT_PRODUCTS_DIR; };
		31D1E8E12A77E7990013E02B /* FirebaseChatApp.swift */ = {isa = PBXFileReference; lastKnownFileType = sourcecode.swift; path = FirebaseChatApp.swift; sourceTree = "<group>"; };
		31D1E8E32A77E7990013E02B /* LoginView.swift */ = {isa = PBXFileReference; lastKnownFileType = sourcecode.swift; path = LoginView.swift; sourceTree = "<group>"; };
		31D1E8E52A77E7A40013E02B /* Assets.xcassets */ = {isa = PBXFileReference; lastKnownFileType = folder.assetcatalog; path = Assets.xcassets; sourceTree = "<group>"; };
		31D1E8E82A77E7A40013E02B /* Preview Assets.xcassets */ = {isa = PBXFileReference; lastKnownFileType = folder.assetcatalog; path = "Preview Assets.xcassets"; sourceTree = "<group>"; };
/* End PBXFileReference section */

/* Begin PBXFrameworksBuildPhase section */
		31D1E8DB2A77E7990013E02B /* Frameworks */ = {
			isa = PBXFrameworksBuildPhase;
			buildActionMask = 2147483647;
			files = (
				31A641D12A8110D30098F16E /* SDWebImageSwiftUI in Frameworks */,
				31A3EE752A83D6250057ABB4 /* FirebaseAuth in Frameworks */,
				31A3EE772A83D6250057ABB4 /* FirebaseFirestore in Frameworks */,
				31A3EE7B2A83D6250057ABB4 /* FirebaseStorage in Frameworks */,
				31A3EE792A83D6250057ABB4 /* FirebaseFirestoreSwift in Frameworks */,
			);
			runOnlyForDeploymentPostprocessing = 0;
		};
/* End PBXFrameworksBuildPhase section */

/* Begin PBXGroup section */
		319AEA822A7CE8BF00207349 /* MainMessages */ = {
			isa = PBXGroup;
			children = (
				31A3EE702A837B530057ABB4 /* Chat */,
				31A641D52A82453D0098F16E /* NewMessage */,
				319AEA832A7CE8D900207349 /* MainMessagesView.swift */,
			);
			path = MainMessages;
			sourceTree = "<group>";
		};
		31A3EE702A837B530057ABB4 /* Chat */ = {
			isa = PBXGroup;
			children = (
				31A3EE712A837B640057ABB4 /* ChatLogView.swift */,
			);
			path = Chat;
			sourceTree = "<group>";
		};
		31A641CC2A8108720098F16E /* Utils */ = {
			isa = PBXGroup;
			children = (
				31A641CD2A8108860098F16E /* FirebaseManager.swift */,
			);
			path = Utils;
			sourceTree = "<group>";
		};
		31A641D22A8236B80098F16E /* Model */ = {
			isa = PBXGroup;
			children = (
				31A641D32A8236C70098F16E /* ChatUser.swift */,
			);
			path = Model;
			sourceTree = "<group>";
		};
		31A641D52A82453D0098F16E /* NewMessage */ = {
			isa = PBXGroup;
			children = (
				31A641D82A8245720098F16E /* CreateNewMessageView.swift */,
			);
			path = NewMessage;
			sourceTree = "<group>";
		};
		31D1E8D52A77E7990013E02B = {
			isa = PBXGroup;
			children = (
				31D1E8E02A77E7990013E02B /* FirebaseChat */,
				31D1E8DF2A77E7990013E02B /* Products */,
			);
			sourceTree = "<group>";
		};
		31D1E8DF2A77E7990013E02B /* Products */ = {
			isa = PBXGroup;
			children = (
				31D1E8DE2A77E7990013E02B /* FirebaseChat.app */,
			);
			name = Products;
			sourceTree = "<group>";
		};
		31D1E8E02A77E7990013E02B /* FirebaseChat */ = {
			isa = PBXGroup;
			children = (
				31A641D22A8236B80098F16E /* Model */,
				31A641CC2A8108720098F16E /* Utils */,
				319AEA822A7CE8BF00207349 /* MainMessages */,
				31D1E8E12A77E7990013E02B /* FirebaseChatApp.swift */,
				31D1E8E32A77E7990013E02B /* LoginView.swift */,
				319AEA752A7A792100207349 /* ImagePicker.swift */,
				319AEA792A7A7EDF00207349 /* GoogleService-Info.plist */,
				31D1E8E52A77E7A40013E02B /* Assets.xcassets */,
				31D1E8E72A77E7A40013E02B /* Preview Content */,
			);
			path = FirebaseChat;
			sourceTree = "<group>";
		};
		31D1E8E72A77E7A40013E02B /* Preview Content */ = {
			isa = PBXGroup;
			children = (
				31D1E8E82A77E7A40013E02B /* Preview Assets.xcassets */,
			);
			path = "Preview Content";
			sourceTree = "<group>";
		};
/* End PBXGroup section */

/* Begin PBXNativeTarget section */
		31D1E8DD2A77E7990013E02B /* FirebaseChat */ = {
			isa = PBXNativeTarget;
			buildConfigurationList = 31D1E8EC2A77E7A40013E02B /* Build configuration list for PBXNativeTarget "FirebaseChat" */;
			buildPhases = (
				31D1E8DA2A77E7990013E02B /* Sources */,
				31D1E8DB2A77E7990013E02B /* Frameworks */,
				31D1E8DC2A77E7990013E02B /* Resources */,
			);
			buildRules = (
			);
			dependencies = (
			);
			name = FirebaseChat;
			packageProductDependencies = (
				31A641D02A8110D30098F16E /* SDWebImageSwiftUI */,
				31A3EE742A83D6250057ABB4 /* FirebaseAuth */,
				31A3EE762A83D6250057ABB4 /* FirebaseFirestore */,
				31A3EE782A83D6250057ABB4 /* FirebaseFirestoreSwift */,
				31A3EE7A2A83D6250057ABB4 /* FirebaseStorage */,
			);
			productName = FirebaseChat;
			productReference = 31D1E8DE2A77E7990013E02B /* FirebaseChat.app */;
			productType = "com.apple.product-type.application";
		};
/* End PBXNativeTarget section */

/* Begin PBXProject section */
		31D1E8D62A77E7990013E02B /* Project object */ = {
			isa = PBXProject;
			attributes = {
				BuildIndependentTargetsInParallel = 1;
				LastSwiftUpdateCheck = 1430;
				LastUpgradeCheck = 1430;
				TargetAttributes = {
					31D1E8DD2A77E7990013E02B = {
						CreatedOnToolsVersion = 14.3.1;
					};
				};
			};
			buildConfigurationList = 31D1E8D92A77E7990013E02B /* Build configuration list for PBXProject "FirebaseChat" */;
			compatibilityVersion = "Xcode 14.0";
			developmentRegion = en;
			hasScannedForEncodings = 0;
			knownRegions = (
				en,
				Base,
			);
			mainGroup = 31D1E8D52A77E7990013E02B;
			packageReferences = (
				31A641CF2A8110D20098F16E /* XCRemoteSwiftPackageReference "SDWebImageSwiftUI" */,
				31A3EE732A83D6250057ABB4 /* XCRemoteSwiftPackageReference "firebase-ios-sdk" */,
			);
			productRefGroup = 31D1E8DF2A77E7990013E02B /* Products */;
			projectDirPath = "";
			projectRoot = "";
			targets = (
				31D1E8DD2A77E7990013E02B /* FirebaseChat */,
			);
		};
/* End PBXProject section */

/* Begin PBXResourcesBuildPhase section */
		31D1E8DC2A77E7990013E02B /* Resources */ = {
			isa = PBXResourcesBuildPhase;
			buildActionMask = 2147483647;
			files = (
				31D1E8E92A77E7A40013E02B /* Preview Assets.xcassets in Resources */,
				319AEA7A2A7A7EDF00207349 /* GoogleService-Info.plist in Resources */,
				31D1E8E62A77E7A40013E02B /* Assets.xcassets in Resources */,
			);
			runOnlyForDeploymentPostprocessing = 0;
		};
/* End PBXResourcesBuildPhase section */

/* Begin PBXSourcesBuildPhase section */
		31D1E8DA2A77E7990013E02B /* Sources */ = {
			isa = PBXSourcesBuildPhase;
			buildActionMask = 2147483647;
			files = (
				31A641D42A8236C70098F16E /* ChatUser.swift in Sources */,
				31A3EE722A837B640057ABB4 /* ChatLogView.swift in Sources */,
				319AEA762A7A792100207349 /* ImagePicker.swift in Sources */,
				319AEA842A7CE8D900207349 /* MainMessagesView.swift in Sources */,
				31A641CE2A8108860098F16E /* FirebaseManager.swift in Sources */,
				31A641D92A8245730098F16E /* CreateNewMessageView.swift in Sources */,
				31D1E8E42A77E7990013E02B /* LoginView.swift in Sources */,
				31D1E8E22A77E7990013E02B /* FirebaseChatApp.swift in Sources */,
			);
			runOnlyForDeploymentPostprocessing = 0;
		};
/* End PBXSourcesBuildPhase section */

/* Begin XCBuildConfiguration section */
		31D1E8EA2A77E7A40013E02B /* Debug */ = {
			isa = XCBuildConfiguration;
			buildSettings = {
				ALWAYS_SEARCH_USER_PATHS = NO;
				CLANG_ANALYZER_NONNULL = YES;
				CLANG_ANALYZER_NUMBER_OBJECT_CONVERSION = YES_AGGRESSIVE;
				CLANG_CXX_LANGUAGE_STANDARD = "gnu++20";
				CLANG_ENABLE_MODULES = YES;
				CLANG_ENABLE_OBJC_ARC = YES;
				CLANG_ENABLE_OBJC_WEAK = YES;
				CLANG_WARN_BLOCK_CAPTURE_AUTORELEASING = YES;
				CLANG_WARN_BOOL_CONVERSION = YES;
				CLANG_WARN_COMMA = YES;
				CLANG_WARN_CONSTANT_CONVERSION = YES;
				CLANG_WARN_DEPRECATED_OBJC_IMPLEMENTATIONS = YES;
				CLANG_WARN_DIRECT_OBJC_ISA_USAGE = YES_ERROR;
				CLANG_WARN_DOCUMENTATION_COMMENTS = YES;
				CLANG_WARN_EMPTY_BODY = YES;
				CLANG_WARN_ENUM_CONVERSION = YES;
				CLANG_WARN_INFINITE_RECURSION = YES;
				CLANG_WARN_INT_CONVERSION = YES;
				CLANG_WARN_NON_LITERAL_NULL_CONVERSION = YES;
				CLANG_WARN_OBJC_IMPLICIT_RETAIN_SELF = YES;
				CLANG_WARN_OBJC_LITERAL_CONVERSION = YES;
				CLANG_WARN_OBJC_ROOT_CLASS = YES_ERROR;
				CLANG_WARN_QUOTED_INCLUDE_IN_FRAMEWORK_HEADER = YES;
				CLANG_WARN_RANGE_LOOP_ANALYSIS = YES;
				CLANG_WARN_STRICT_PROTOTYPES = YES;
				CLANG_WARN_SUSPICIOUS_MOVE = YES;
				CLANG_WARN_UNGUARDED_AVAILABILITY = YES_AGGRESSIVE;
				CLANG_WARN_UNREACHABLE_CODE = YES;
				CLANG_WARN__DUPLICATE_METHOD_MATCH = YES;
				COPY_PHASE_STRIP = NO;
				DEBUG_INFORMATION_FORMAT = dwarf;
				ENABLE_STRICT_OBJC_MSGSEND = YES;
				ENABLE_TESTABILITY = YES;
				GCC_C_LANGUAGE_STANDARD = gnu11;
				GCC_DYNAMIC_NO_PIC = NO;
				GCC_NO_COMMON_BLOCKS = YES;
				GCC_OPTIMIZATION_LEVEL = 0;
				GCC_PREPROCESSOR_DEFINITIONS = (
					"DEBUG=1",
					"$(inherited)",
				);
				GCC_WARN_64_TO_32_BIT_CONVERSION = YES;
				GCC_WARN_ABOUT_RETURN_TYPE = YES_ERROR;
				GCC_WARN_UNDECLARED_SELECTOR = YES;
				GCC_WARN_UNINITIALIZED_AUTOS = YES_AGGRESSIVE;
				GCC_WARN_UNUSED_FUNCTION = YES;
				GCC_WARN_UNUSED_VARIABLE = YES;
				IPHONEOS_DEPLOYMENT_TARGET = 16.4;
				MTL_ENABLE_DEBUG_INFO = INCLUDE_SOURCE;
				MTL_FAST_MATH = YES;
				ONLY_ACTIVE_ARCH = YES;
				SDKROOT = iphoneos;
				SWIFT_ACTIVE_COMPILATION_CONDITIONS = DEBUG;
				SWIFT_OPTIMIZATION_LEVEL = "-Onone";
			};
			name = Debug;
		};
		31D1E8EB2A77E7A40013E02B /* Release */ = {
			isa = XCBuildConfiguration;
			buildSettings = {
				ALWAYS_SEARCH_USER_PATHS = NO;
				CLANG_ANALYZER_NONNULL = YES;
				CLANG_ANALYZER_NUMBER_OBJECT_CONVERSION = YES_AGGRESSIVE;
				CLANG_CXX_LANGUAGE_STANDARD = "gnu++20";
				CLANG_ENABLE_MODULES = YES;
				CLANG_ENABLE_OBJC_ARC = YES;
				CLANG_ENABLE_OBJC_WEAK = YES;
				CLANG_WARN_BLOCK_CAPTURE_AUTORELEASING = YES;
				CLANG_WARN_BOOL_CONVERSION = YES;
				CLANG_WARN_COMMA = YES;
				CLANG_WARN_CONSTANT_CONVERSION = YES;
				CLANG_WARN_DEPRECATED_OBJC_IMPLEMENTATIONS = YES;
				CLANG_WARN_DIRECT_OBJC_ISA_USAGE = YES_ERROR;
				CLANG_WARN_DOCUMENTATION_COMMENTS = YES;
				CLANG_WARN_EMPTY_BODY = YES;
				CLANG_WARN_ENUM_CONVERSION = YES;
				CLANG_WARN_INFINITE_RECURSION = YES;
				CLANG_WARN_INT_CONVERSION = YES;
				CLANG_WARN_NON_LITERAL_NULL_CONVERSION = YES;
				CLANG_WARN_OBJC_IMPLICIT_RETAIN_SELF = YES;
				CLANG_WARN_OBJC_LITERAL_CONVERSION = YES;
				CLANG_WARN_OBJC_ROOT_CLASS = YES_ERROR;
				CLANG_WARN_QUOTED_INCLUDE_IN_FRAMEWORK_HEADER = YES;
				CLANG_WARN_RANGE_LOOP_ANALYSIS = YES;
				CLANG_WARN_STRICT_PROTOTYPES = YES;
				CLANG_WARN_SUSPICIOUS_MOVE = YES;
				CLANG_WARN_UNGUARDED_AVAILABILITY = YES_AGGRESSIVE;
				CLANG_WARN_UNREACHABLE_CODE = YES;
				CLANG_WARN__DUPLICATE_METHOD_MATCH = YES;
				COPY_PHASE_STRIP = NO;
				DEBUG_INFORMATION_FORMAT = "dwarf-with-dsym";
				ENABLE_NS_ASSERTIONS = NO;
				ENABLE_STRICT_OBJC_MSGSEND = YES;
				GCC_C_LANGUAGE_STANDARD = gnu11;
				GCC_NO_COMMON_BLOCKS = YES;
				GCC_WARN_64_TO_32_BIT_CONVERSION = YES;
				GCC_WARN_ABOUT_RETURN_TYPE = YES_ERROR;
				GCC_WARN_UNDECLARED_SELECTOR = YES;
				GCC_WARN_UNINITIALIZED_AUTOS = YES_AGGRESSIVE;
				GCC_WARN_UNUSED_FUNCTION = YES;
				GCC_WARN_UNUSED_VARIABLE = YES;
				IPHONEOS_DEPLOYMENT_TARGET = 16.4;
				MTL_ENABLE_DEBUG_INFO = NO;
				MTL_FAST_MATH = YES;
				SDKROOT = iphoneos;
				SWIFT_COMPILATION_MODE = wholemodule;
				SWIFT_OPTIMIZATION_LEVEL = "-O";
				VALIDATE_PRODUCT = YES;
			};
			name = Release;
		};
		31D1E8ED2A77E7A40013E02B /* Debug */ = {
			isa = XCBuildConfiguration;
			buildSettings = {
				ASSETCATALOG_COMPILER_APPICON_NAME = AppIcon;
				ASSETCATALOG_COMPILER_GLOBAL_ACCENT_COLOR_NAME = AccentColor;
				CODE_SIGN_STYLE = Automatic;
				CURRENT_PROJECT_VERSION = 1;
				DEVELOPMENT_ASSET_PATHS = "\"FirebaseChat/Preview Content\"";
				DEVELOPMENT_TEAM = 24Z8S48QJ2;
				ENABLE_PREVIEWS = YES;
				GENERATE_INFOPLIST_FILE = YES;
				INFOPLIST_KEY_UIApplicationSceneManifest_Generation = YES;
				INFOPLIST_KEY_UIApplicationSupportsIndirectInputEvents = YES;
				INFOPLIST_KEY_UILaunchScreen_Generation = YES;
				INFOPLIST_KEY_UISupportedInterfaceOrientations_iPad = "UIInterfaceOrientationPortrait UIInterfaceOrientationPortraitUpsideDown UIInterfaceOrientationLandscapeLeft UIInterfaceOrientationLandscapeRight";
				INFOPLIST_KEY_UISupportedInterfaceOrientations_iPhone = "UIInterfaceOrientationPortrait UIInterfaceOrientationLandscapeLeft UIInterfaceOrientationLandscapeRight";
				LD_RUNPATH_SEARCH_PATHS = (
					"$(inherited)",
					"@executable_path/Frameworks",
				);
				MARKETING_VERSION = 1.0;
				PRODUCT_BUNDLE_IDENTIFIER = com.milabochkova.FirebaseChat;
				PRODUCT_NAME = "$(TARGET_NAME)";
				SWIFT_EMIT_LOC_STRINGS = YES;
				SWIFT_VERSION = 5.0;
				TARGETED_DEVICE_FAMILY = "1,2";
			};
			name = Debug;
		};
		31D1E8EE2A77E7A40013E02B /* Release */ = {
			isa = XCBuildConfiguration;
			buildSettings = {
				ASSETCATALOG_COMPILER_APPICON_NAME = AppIcon;
				ASSETCATALOG_COMPILER_GLOBAL_ACCENT_COLOR_NAME = AccentColor;
				CODE_SIGN_STYLE = Automatic;
				CURRENT_PROJECT_VERSION = 1;
				DEVELOPMENT_ASSET_PATHS = "\"FirebaseChat/Preview Content\"";
				DEVELOPMENT_TEAM = 24Z8S48QJ2;
				ENABLE_PREVIEWS = YES;
				GENERATE_INFOPLIST_FILE = YES;
				INFOPLIST_KEY_UIApplicationSceneManifest_Generation = YES;
				INFOPLIST_KEY_UIApplicationSupportsIndirectInputEvents = YES;
				INFOPLIST_KEY_UILaunchScreen_Generation = YES;
				INFOPLIST_KEY_UISupportedInterfaceOrientations_iPad = "UIInterfaceOrientationPortrait UIInterfaceOrientationPortraitUpsideDown UIInterfaceOrientationLandscapeLeft UIInterfaceOrientationLandscapeRight";
				INFOPLIST_KEY_UISupportedInterfaceOrientations_iPhone = "UIInterfaceOrientationPortrait UIInterfaceOrientationLandscapeLeft UIInterfaceOrientationLandscapeRight";
				LD_RUNPATH_SEARCH_PATHS = (
					"$(inherited)",
					"@executable_path/Frameworks",
				);
				MARKETING_VERSION = 1.0;
				PRODUCT_BUNDLE_IDENTIFIER = com.milabochkova.FirebaseChat;
				PRODUCT_NAME = "$(TARGET_NAME)";
				SWIFT_EMIT_LOC_STRINGS = YES;
				SWIFT_VERSION = 5.0;
				TARGETED_DEVICE_FAMILY = "1,2";
			};
			name = Release;
		};
/* End XCBuildConfiguration section */

/* Begin XCConfigurationList section */
		31D1E8D92A77E7990013E02B /* Build configuration list for PBXProject "FirebaseChat" */ = {
			isa = XCConfigurationList;
			buildConfigurations = (
				31D1E8EA2A77E7A40013E02B /* Debug */,
				31D1E8EB2A77E7A40013E02B /* Release */,
			);
			defaultConfigurationIsVisible = 0;
			defaultConfigurationName = Release;
		};
		31D1E8EC2A77E7A40013E02B /* Build configuration list for PBXNativeTarget "FirebaseChat" */ = {
			isa = XCConfigurationList;
			buildConfigurations = (
				31D1E8ED2A77E7A40013E02B /* Debug */,
				31D1E8EE2A77E7A40013E02B /* Release */,
			);
			defaultConfigurationIsVisible = 0;
			defaultConfigurationName = Release;
		};
/* End XCConfigurationList section */

/* Begin XCRemoteSwiftPackageReference section */
		31A3EE732A83D6250057ABB4 /* XCRemoteSwiftPackageReference "firebase-ios-sdk" */ = {
			isa = XCRemoteSwiftPackageReference;
			repositoryURL = "https://github.com/firebase/firebase-ios-sdk.git";
			requirement = {
				kind = upToNextMajorVersion;
				minimumVersion = 10.0.0;
			};
		};
		31A641CF2A8110D20098F16E /* XCRemoteSwiftPackageReference "SDWebImageSwiftUI" */ = {
			isa = XCRemoteSwiftPackageReference;
			repositoryURL = "https://github.com/SDWebImage/SDWebImageSwiftUI";
			requirement = {
				kind = upToNextMajorVersion;
				minimumVersion = 2.0.0;
			};
		};
/* End XCRemoteSwiftPackageReference section */

/* Begin XCSwiftPackageProductDependency section */
		31A3EE742A83D6250057ABB4 /* FirebaseAuth */ = {
			isa = XCSwiftPackageProductDependency;
			package = 31A3EE732A83D6250057ABB4 /* XCRemoteSwiftPackageReference "firebase-ios-sdk" */;
			productName = FirebaseAuth;
		};
		31A3EE762A83D6250057ABB4 /* FirebaseFirestore */ = {
			isa = XCSwiftPackageProductDependency;
			package = 31A3EE732A83D6250057ABB4 /* XCRemoteSwiftPackageReference "firebase-ios-sdk" */;
			productName = FirebaseFirestore;
		};
		31A3EE782A83D6250057ABB4 /* FirebaseFirestoreSwift */ = {
			isa = XCSwiftPackageProductDependency;
			package = 31A3EE732A83D6250057ABB4 /* XCRemoteSwiftPackageReference "firebase-ios-sdk" */;
			productName = FirebaseFirestoreSwift;
		};
		31A3EE7A2A83D6250057ABB4 /* FirebaseStorage */ = {
			isa = XCSwiftPackageProductDependency;
			package = 31A3EE732A83D6250057ABB4 /* XCRemoteSwiftPackageReference "firebase-ios-sdk" */;
			productName = FirebaseStorage;
		};
		31A641D02A8110D30098F16E /* SDWebImageSwiftUI */ = {
			isa = XCSwiftPackageProductDependency;
			package = 31A641CF2A8110D20098F16E /* XCRemoteSwiftPackageReference "SDWebImageSwiftUI" */;
			productName = SDWebImageSwiftUI;
		};
/* End XCSwiftPackageProductDependency section */
	};
	rootObject = 31D1E8D62A77E7990013E02B /* Project object */;
}
